<?xml version="1.0" encoding="UTF-8"?>
<!DOCTYPE plist PUBLIC "-//Apple//DTD PLIST 1.0//EN" "http://www.apple.com/DTDs/PropertyList-1.0.dtd">
<plist version="1.0">
<dict>
	<key>archiveVersion</key>
	<string>1</string>
	<key>classes</key>
	<dict/>
	<key>objectVersion</key>
	<string>46</string>
	<key>objects</key>
	<dict>
		<key>A7294BC816BA9BA40086BD59</key>
		<dict>
			<key>fileEncoding</key>
			<string>4</string>
			<key>isa</key>
			<string>PBXFileReference</string>
			<key>lastKnownFileType</key>
			<string>sourcecode.c.h</string>
			<key>path</key>
			<string>Math.h</string>
			<key>sourceTree</key>
			<string>&lt;group&gt;</string>
		</dict>
		<key>A7294BC916BA9BA40086BD59</key>
		<dict>
			<key>fileEncoding</key>
			<string>4</string>
			<key>isa</key>
			<string>PBXFileReference</string>
			<key>lastKnownFileType</key>
			<string>sourcecode.c.objc</string>
			<key>path</key>
			<string>Math.m</string>
			<key>sourceTree</key>
			<string>&lt;group&gt;</string>
		</dict>
		<key>A7294BCA16BA9BA40086BD59</key>
		<dict>
			<key>fileRef</key>
			<string>A7294BC916BA9BA40086BD59</string>
			<key>isa</key>
			<string>PBXBuildFile</string>
		</dict>
		<key>A77D803916B13E4A0018BED1</key>
		<dict>
			<key>children</key>
			<array>
				<string>A77D804E16B13E4A0018BED1</string>
				<string>A77D804716B13E4A0018BED1</string>
				<string>A77D804516B13E4A0018BED1</string>
			</array>
			<key>isa</key>
			<string>PBXGroup</string>
			<key>sourceTree</key>
			<string>&lt;group&gt;</string>
		</dict>
		<key>A77D803B16B13E4A0018BED1</key>
		<dict>
			<key>attributes</key>
			<dict>
				<key>LastUpgradeCheck</key>
				<string>0450</string>
				<key>ORGANIZATIONNAME</key>
				<string>Frank Pr&#8730;&#8706;&#8730;&#252;dorf</string>
			</dict>
			<key>buildConfigurationList</key>
			<string>A77D803E16B13E4A0018BED1</string>
			<key>compatibilityVersion</key>
			<string>Xcode 3.2</string>
			<key>developmentRegion</key>
			<string>English</string>
			<key>hasScannedForEncodings</key>
			<string>0</string>
			<key>isa</key>
			<string>PBXProject</string>
			<key>knownRegions</key>
			<array>
				<string>en</string>
			</array>
			<key>mainGroup</key>
			<string>A77D803916B13E4A0018BED1</string>
			<key>productRefGroup</key>
			<string>A77D804516B13E4A0018BED1</string>
			<key>projectDirPath</key>
			<string></string>
			<key>projectReferences</key>
			<array/>
			<key>projectRoot</key>
			<string></string>
			<key>targets</key>
			<array>
				<string>A77D804316B13E4A0018BED1</string>
			</array>
		</dict>
		<key>A77D803E16B13E4A0018BED1</key>
		<dict>
			<key>buildConfigurations</key>
			<array>
				<string>A77D806616B13E4B0018BED1</string>
				<string>A77D806716B13E4B0018BED1</string>
			</array>
			<key>defaultConfigurationIsVisible</key>
			<string>0</string>
			<key>defaultConfigurationName</key>
			<string>Release</string>
			<key>isa</key>
			<string>XCConfigurationList</string>
		</dict>
		<key>A77D804016B13E4A0018BED1</key>
		<dict>
			<key>buildActionMask</key>
			<string>2147483647</string>
			<key>files</key>
			<array>
				<string>A77D805516B13E4B0018BED1</string>
				<string>A77D805916B13E4B0018BED1</string>
				<string>A77D806516B13E4B0018BED1</string>
				<string>A77D807116B1453D0018BED1</string>
				<string>A77D807516B160C40018BED1</string>
				<string>A77D808A16B177240018BED1</string>
				<string>A77D808B16B177240018BED1</string>
				<string>A77D808C16B177240018BED1</string>
				<string>A77D808D16B177240018BED1</string>
				<string>A77D808E16B177240018BED1</string>
				<string>A77D808F16B177240018BED1</string>
				<string>A77D809016B177240018BED1</string>
				<string>A77D809116B177240018BED1</string>
				<string>A77D809216B177240018BED1</string>
				<string>A77D809916B19F180018BED1</string>
				<string>C51A948716B28E9900C16AA2</string>
				<string>A7294BCA16BA9BA40086BD59</string>
			</array>
			<key>isa</key>
			<string>PBXSourcesBuildPhase</string>
			<key>runOnlyForDeploymentPostprocessing</key>
			<string>0</string>
		</dict>
		<key>A77D804116B13E4A0018BED1</key>
		<dict>
			<key>buildActionMask</key>
			<string>2147483647</string>
			<key>files</key>
			<array>
				<string>A77D804916B13E4A0018BED1</string>
				<string>A77D804B16B13E4A0018BED1</string>
				<string>A77D804D16B13E4A0018BED1</string>
			</array>
			<key>isa</key>
			<string>PBXFrameworksBuildPhase</string>
			<key>runOnlyForDeploymentPostprocessing</key>
			<string>0</string>
		</dict>
		<key>A77D804216B13E4A0018BED1</key>
		<dict>
			<key>buildActionMask</key>
			<string>2147483647</string>
			<key>files</key>
			<array>
				<string>A77D805316B13E4B0018BED1</string>
				<string>A77D805B16B13E4B0018BED1</string>
				<string>A77D805D16B13E4B0018BED1</string>
				<string>A77D805F16B13E4B0018BED1</string>
				<string>A77D806216B13E4B0018BED1</string>
			</array>
			<key>isa</key>
			<string>PBXResourcesBuildPhase</string>
			<key>runOnlyForDeploymentPostprocessing</key>
			<string>0</string>
		</dict>
		<key>A77D804316B13E4A0018BED1</key>
		<dict>
			<key>buildConfigurationList</key>
			<string>A77D806816B13E4B0018BED1</string>
			<key>buildPhases</key>
			<array>
				<string>A77D804016B13E4A0018BED1</string>
				<string>A77D804116B13E4A0018BED1</string>
				<string>A77D804216B13E4A0018BED1</string>
			</array>
			<key>buildRules</key>
			<array/>
			<key>dependencies</key>
			<array/>
			<key>isa</key>
			<string>PBXNativeTarget</string>
			<key>name</key>
			<string>lintu</string>
			<key>productName</key>
			<string>lintu</string>
			<key>productReference</key>
			<string>A77D804416B13E4A0018BED1</string>
			<key>productType</key>
			<string>com.apple.product-type.application</string>
		</dict>
		<key>A77D804416B13E4A0018BED1</key>
		<dict>
			<key>explicitFileType</key>
			<string>wrapper.application</string>
			<key>includeInIndex</key>
			<string>0</string>
			<key>isa</key>
			<string>PBXFileReference</string>
			<key>path</key>
			<string>lintu.app</string>
			<key>sourceTree</key>
			<string>BUILT_PRODUCTS_DIR</string>
		</dict>
		<key>A77D804516B13E4A0018BED1</key>
		<dict>
			<key>children</key>
			<array>
				<string>A77D804416B13E4A0018BED1</string>
			</array>
			<key>isa</key>
			<string>PBXGroup</string>
			<key>name</key>
			<string>Products</string>
			<key>sourceTree</key>
			<string>&lt;group&gt;</string>
		</dict>
		<key>A77D804716B13E4A0018BED1</key>
		<dict>
			<key>children</key>
			<array>
				<string>A77D804816B13E4A0018BED1</string>
				<string>A77D804A16B13E4A0018BED1</string>
				<string>A77D804C16B13E4A0018BED1</string>
			</array>
			<key>isa</key>
			<string>PBXGroup</string>
			<key>name</key>
			<string>Frameworks</string>
			<key>sourceTree</key>
			<string>&lt;group&gt;</string>
		</dict>
		<key>A77D804816B13E4A0018BED1</key>
		<dict>
			<key>isa</key>
			<string>PBXFileReference</string>
			<key>lastKnownFileType</key>
			<string>wrapper.framework</string>
			<key>name</key>
			<string>UIKit.framework</string>
			<key>path</key>
			<string>System/Library/Frameworks/UIKit.framework</string>
			<key>sourceTree</key>
			<string>SDKROOT</string>
		</dict>
		<key>A77D804916B13E4A0018BED1</key>
		<dict>
			<key>fileRef</key>
			<string>A77D804816B13E4A0018BED1</string>
			<key>isa</key>
			<string>PBXBuildFile</string>
		</dict>
		<key>A77D804A16B13E4A0018BED1</key>
		<dict>
			<key>isa</key>
			<string>PBXFileReference</string>
			<key>lastKnownFileType</key>
			<string>wrapper.framework</string>
			<key>name</key>
			<string>Foundation.framework</string>
			<key>path</key>
			<string>System/Library/Frameworks/Foundation.framework</string>
			<key>sourceTree</key>
			<string>SDKROOT</string>
		</dict>
		<key>A77D804B16B13E4A0018BED1</key>
		<dict>
			<key>fileRef</key>
			<string>A77D804A16B13E4A0018BED1</string>
			<key>isa</key>
			<string>PBXBuildFile</string>
		</dict>
		<key>A77D804C16B13E4A0018BED1</key>
		<dict>
			<key>isa</key>
			<string>PBXFileReference</string>
			<key>lastKnownFileType</key>
			<string>wrapper.framework</string>
			<key>name</key>
			<string>CoreGraphics.framework</string>
			<key>path</key>
			<string>System/Library/Frameworks/CoreGraphics.framework</string>
			<key>sourceTree</key>
			<string>SDKROOT</string>
		</dict>
		<key>A77D804D16B13E4A0018BED1</key>
		<dict>
			<key>fileRef</key>
			<string>A77D804C16B13E4A0018BED1</string>
			<key>isa</key>
			<string>PBXBuildFile</string>
		</dict>
		<key>A77D804E16B13E4A0018BED1</key>
		<dict>
			<key>children</key>
			<array>
				<string>A77D807216B145470018BED1</string>
				<string>A77D805716B13E4B0018BED1</string>
				<string>A77D805816B13E4B0018BED1</string>
				<string>A77D806016B13E4B0018BED1</string>
				<string>C51A948516B28E9900C16AA2</string>
				<string>C51A948616B28E9900C16AA2</string>
				<string>A77D806316B13E4B0018BED1</string>
				<string>A77D806416B13E4B0018BED1</string>
				<string>A77D804F16B13E4B0018BED1</string>
				<string>A77D809716B19F180018BED1</string>
				<string>A77D809816B19F180018BED1</string>
			</array>
			<key>isa</key>
			<string>PBXGroup</string>
			<key>path</key>
			<string>lintu</string>
			<key>sourceTree</key>
			<string>&lt;group&gt;</string>
		</dict>
		<key>A77D804F16B13E4B0018BED1</key>
		<dict>
			<key>children</key>
			<array>
				<string>A77D805016B13E4B0018BED1</string>
				<string>A77D805116B13E4B0018BED1</string>
				<string>A77D805416B13E4B0018BED1</string>
				<string>A77D805616B13E4B0018BED1</string>
				<string>A77D805A16B13E4B0018BED1</string>
				<string>A77D805C16B13E4B0018BED1</string>
				<string>A77D805E16B13E4B0018BED1</string>
			</array>
			<key>isa</key>
			<string>PBXGroup</string>
			<key>name</key>
			<string>Supporting Files</string>
			<key>sourceTree</key>
			<string>&lt;group&gt;</string>
		</dict>
		<key>A77D805016B13E4B0018BED1</key>
		<dict>
			<key>isa</key>
			<string>PBXFileReference</string>
			<key>lastKnownFileType</key>
			<string>text.plist.xml</string>
			<key>path</key>
			<string>lintu-Info.plist</string>
			<key>sourceTree</key>
			<string>&lt;group&gt;</string>
		</dict>
		<key>A77D805116B13E4B0018BED1</key>
		<dict>
			<key>children</key>
			<array>
				<string>A77D805216B13E4B0018BED1</string>
			</array>
			<key>isa</key>
			<string>PBXVariantGroup</string>
			<key>name</key>
			<string>InfoPlist.strings</string>
			<key>sourceTree</key>
			<string>&lt;group&gt;</string>
		</dict>
		<key>A77D805216B13E4B0018BED1</key>
		<dict>
			<key>isa</key>
			<string>PBXFileReference</string>
			<key>lastKnownFileType</key>
			<string>text.plist.strings</string>
			<key>name</key>
			<string>en</string>
			<key>path</key>
			<string>en.lproj/InfoPlist.strings</string>
			<key>sourceTree</key>
			<string>&lt;group&gt;</string>
		</dict>
		<key>A77D805316B13E4B0018BED1</key>
		<dict>
			<key>fileRef</key>
			<string>A77D805116B13E4B0018BED1</string>
			<key>isa</key>
			<string>PBXBuildFile</string>
		</dict>
		<key>A77D805416B13E4B0018BED1</key>
		<dict>
			<key>isa</key>
			<string>PBXFileReference</string>
			<key>lastKnownFileType</key>
			<string>sourcecode.c.objc</string>
			<key>path</key>
			<string>main.m</string>
			<key>sourceTree</key>
			<string>&lt;group&gt;</string>
		</dict>
		<key>A77D805516B13E4B0018BED1</key>
		<dict>
			<key>fileRef</key>
			<string>A77D805416B13E4B0018BED1</string>
			<key>isa</key>
			<string>PBXBuildFile</string>
		</dict>
		<key>A77D805616B13E4B0018BED1</key>
		<dict>
			<key>isa</key>
			<string>PBXFileReference</string>
			<key>lastKnownFileType</key>
			<string>sourcecode.c.h</string>
			<key>path</key>
			<string>lintu-Prefix.pch</string>
			<key>sourceTree</key>
			<string>&lt;group&gt;</string>
		</dict>
		<key>A77D805716B13E4B0018BED1</key>
		<dict>
			<key>isa</key>
			<string>PBXFileReference</string>
			<key>lastKnownFileType</key>
			<string>sourcecode.c.h</string>
			<key>path</key>
			<string>AppDelegate.h</string>
			<key>sourceTree</key>
			<string>&lt;group&gt;</string>
		</dict>
		<key>A77D805816B13E4B0018BED1</key>
		<dict>
			<key>isa</key>
			<string>PBXFileReference</string>
			<key>lastKnownFileType</key>
			<string>sourcecode.c.objc</string>
			<key>path</key>
			<string>AppDelegate.m</string>
			<key>sourceTree</key>
			<string>&lt;group&gt;</string>
		</dict>
		<key>A77D805916B13E4B0018BED1</key>
		<dict>
			<key>fileRef</key>
			<string>A77D805816B13E4B0018BED1</string>
			<key>isa</key>
			<string>PBXBuildFile</string>
		</dict>
		<key>A77D805A16B13E4B0018BED1</key>
		<dict>
			<key>isa</key>
			<string>PBXFileReference</string>
			<key>lastKnownFileType</key>
			<string>image.png</string>
			<key>path</key>
			<string>Default.png</string>
			<key>sourceTree</key>
			<string>&lt;group&gt;</string>
		</dict>
		<key>A77D805B16B13E4B0018BED1</key>
		<dict>
			<key>fileRef</key>
			<string>A77D805A16B13E4B0018BED1</string>
			<key>isa</key>
			<string>PBXBuildFile</string>
		</dict>
		<key>A77D805C16B13E4B0018BED1</key>
		<dict>
			<key>isa</key>
			<string>PBXFileReference</string>
			<key>lastKnownFileType</key>
			<string>image.png</string>
			<key>path</key>
			<string>Default@2x.png</string>
			<key>sourceTree</key>
			<string>&lt;group&gt;</string>
		</dict>
		<key>A77D805D16B13E4B0018BED1</key>
		<dict>
			<key>fileRef</key>
			<string>A77D805C16B13E4B0018BED1</string>
			<key>isa</key>
			<string>PBXBuildFile</string>
		</dict>
		<key>A77D805E16B13E4B0018BED1</key>
		<dict>
			<key>isa</key>
			<string>PBXFileReference</string>
			<key>lastKnownFileType</key>
			<string>image.png</string>
			<key>path</key>
			<string>Default-568h@2x.png</string>
			<key>sourceTree</key>
			<string>&lt;group&gt;</string>
		</dict>
		<key>A77D805F16B13E4B0018BED1</key>
		<dict>
			<key>fileRef</key>
			<string>A77D805E16B13E4B0018BED1</string>
			<key>isa</key>
			<string>PBXBuildFile</string>
		</dict>
		<key>A77D806016B13E4B0018BED1</key>
		<dict>
			<key>children</key>
			<array>
				<string>A77D806116B13E4B0018BED1</string>
			</array>
			<key>isa</key>
			<string>PBXVariantGroup</string>
			<key>name</key>
			<string>MainStoryboard.storyboard</string>
			<key>sourceTree</key>
			<string>&lt;group&gt;</string>
		</dict>
		<key>A77D806116B13E4B0018BED1</key>
		<dict>
			<key>isa</key>
			<string>PBXFileReference</string>
			<key>lastKnownFileType</key>
			<string>file.storyboard</string>
			<key>name</key>
			<string>en</string>
			<key>path</key>
			<string>en.lproj/MainStoryboard.storyboard</string>
			<key>sourceTree</key>
			<string>&lt;group&gt;</string>
		</dict>
		<key>A77D806216B13E4B0018BED1</key>
		<dict>
			<key>fileRef</key>
			<string>A77D806016B13E4B0018BED1</string>
			<key>isa</key>
			<string>PBXBuildFile</string>
		</dict>
		<key>A77D806316B13E4B0018BED1</key>
		<dict>
			<key>isa</key>
			<string>PBXFileReference</string>
			<key>lastKnownFileType</key>
			<string>sourcecode.c.h</string>
			<key>path</key>
			<string>ViewController.h</string>
			<key>sourceTree</key>
			<string>&lt;group&gt;</string>
		</dict>
		<key>A77D806416B13E4B0018BED1</key>
		<dict>
			<key>isa</key>
			<string>PBXFileReference</string>
			<key>lastKnownFileType</key>
			<string>sourcecode.c.objc</string>
			<key>path</key>
			<string>ViewController.m</string>
			<key>sourceTree</key>
			<string>&lt;group&gt;</string>
		</dict>
		<key>A77D806516B13E4B0018BED1</key>
		<dict>
			<key>fileRef</key>
			<string>A77D806416B13E4B0018BED1</string>
			<key>isa</key>
			<string>PBXBuildFile</string>
		</dict>
		<key>A77D806616B13E4B0018BED1</key>
		<dict>
			<key>buildSettings</key>
			<dict>
				<key>ALWAYS_SEARCH_USER_PATHS</key>
				<string>NO</string>
				<key>CLANG_CXX_LANGUAGE_STANDARD</key>
				<string>gnu++0x</string>
				<key>CLANG_CXX_LIBRARY</key>
				<string>libc++</string>
				<key>CLANG_ENABLE_OBJC_ARC</key>
				<string>YES</string>
				<key>CLANG_WARN_EMPTY_BODY</key>
				<string>YES</string>
				<key>CLANG_WARN__DUPLICATE_METHOD_MATCH</key>
				<string>YES</string>
				<key>CODE_SIGN_IDENTITY[sdk=iphoneos*]</key>
				<string>iPhone Developer</string>
				<key>COPY_PHASE_STRIP</key>
				<string>NO</string>
				<key>GCC_C_LANGUAGE_STANDARD</key>
				<string>gnu99</string>
				<key>GCC_DYNAMIC_NO_PIC</key>
				<string>NO</string>
				<key>GCC_OPTIMIZATION_LEVEL</key>
				<string>0</string>
				<key>GCC_PREPROCESSOR_DEFINITIONS</key>
				<array>
					<string>DEBUG=1</string>
					<string>$(inherited)</string>
				</array>
				<key>GCC_SYMBOLS_PRIVATE_EXTERN</key>
				<string>NO</string>
				<key>GCC_WARN_ABOUT_RETURN_TYPE</key>
				<string>YES</string>
				<key>GCC_WARN_UNINITIALIZED_AUTOS</key>
				<string>YES</string>
				<key>GCC_WARN_UNUSED_VARIABLE</key>
				<string>YES</string>
				<key>IPHONEOS_DEPLOYMENT_TARGET</key>
				<string>6.0</string>
				<key>ONLY_ACTIVE_ARCH</key>
				<string>YES</string>
				<key>SDKROOT</key>
				<string>iphoneos</string>
			</dict>
			<key>isa</key>
			<string>XCBuildConfiguration</string>
			<key>name</key>
			<string>Debug</string>
		</dict>
		<key>A77D806716B13E4B0018BED1</key>
		<dict>
			<key>buildSettings</key>
			<dict>
				<key>ALWAYS_SEARCH_USER_PATHS</key>
				<string>NO</string>
				<key>CLANG_CXX_LANGUAGE_STANDARD</key>
				<string>gnu++0x</string>
				<key>CLANG_CXX_LIBRARY</key>
				<string>libc++</string>
				<key>CLANG_ENABLE_OBJC_ARC</key>
				<string>YES</string>
				<key>CLANG_WARN_EMPTY_BODY</key>
				<string>YES</string>
				<key>CLANG_WARN__DUPLICATE_METHOD_MATCH</key>
				<string>YES</string>
				<key>CODE_SIGN_IDENTITY[sdk=iphoneos*]</key>
				<string>iPhone Developer</string>
				<key>COPY_PHASE_STRIP</key>
				<string>YES</string>
				<key>GCC_C_LANGUAGE_STANDARD</key>
				<string>gnu99</string>
				<key>GCC_WARN_ABOUT_RETURN_TYPE</key>
				<string>YES</string>
				<key>GCC_WARN_UNINITIALIZED_AUTOS</key>
				<string>YES</string>
				<key>GCC_WARN_UNUSED_VARIABLE</key>
				<string>YES</string>
				<key>IPHONEOS_DEPLOYMENT_TARGET</key>
				<string>6.0</string>
				<key>OTHER_CFLAGS</key>
				<string>-DNS_BLOCK_ASSERTIONS=1</string>
				<key>SDKROOT</key>
				<string>iphoneos</string>
				<key>VALIDATE_PRODUCT</key>
				<string>YES</string>
			</dict>
			<key>isa</key>
			<string>XCBuildConfiguration</string>
			<key>name</key>
			<string>Release</string>
		</dict>
		<key>A77D806816B13E4B0018BED1</key>
		<dict>
			<key>buildConfigurations</key>
			<array>
				<string>A77D806916B13E4B0018BED1</string>
				<string>A77D806A16B13E4B0018BED1</string>
			</array>
			<key>defaultConfigurationIsVisible</key>
			<string>0</string>
			<key>defaultConfigurationName</key>
			<string>Release</string>
			<key>isa</key>
			<string>XCConfigurationList</string>
		</dict>
		<key>A77D806916B13E4B0018BED1</key>
		<dict>
			<key>buildSettings</key>
			<dict>
				<key>GCC_PRECOMPILE_PREFIX_HEADER</key>
				<string>YES</string>
				<key>GCC_PREFIX_HEADER</key>
				<string>lintu/lintu-Prefix.pch</string>
				<key>INFOPLIST_FILE</key>
				<string>lintu/lintu-Info.plist</string>
				<key>LIBRARY_SEARCH_PATHS</key>
				<array>
					<string>$(inherited)</string>
					<string>$(FRANK_LIBRARY_SEARCH_PATHS)</string>
				</array>
				<key>OTHER_LDFLAGS</key>
				<array>
					<string>$(inherited)</string>
					<string>$(FRANK_LDFLAGS)</string>
				</array>
				<key>PRODUCT_NAME</key>
				<string>$(TARGET_NAME)</string>
				<key>WRAPPER_EXTENSION</key>
				<string>app</string>
			</dict>
			<key>isa</key>
			<string>XCBuildConfiguration</string>
			<key>name</key>
			<string>Debug</string>
		</dict>
		<key>A77D806A16B13E4B0018BED1</key>
		<dict>
			<key>buildSettings</key>
			<dict>
				<key>GCC_PRECOMPILE_PREFIX_HEADER</key>
				<string>YES</string>
				<key>GCC_PREFIX_HEADER</key>
				<string>lintu/lintu-Prefix.pch</string>
				<key>INFOPLIST_FILE</key>
				<string>lintu/lintu-Info.plist</string>
				<key>PRODUCT_NAME</key>
				<string>$(TARGET_NAME)</string>
				<key>WRAPPER_EXTENSION</key>
				<string>app</string>
			</dict>
			<key>isa</key>
			<string>XCBuildConfiguration</string>
			<key>name</key>
			<string>Release</string>
		</dict>
		<key>A77D806F16B1453D0018BED1</key>
		<dict>
			<key>fileEncoding</key>
			<string>4</string>
			<key>isa</key>
			<string>PBXFileReference</string>
			<key>lastKnownFileType</key>
			<string>sourcecode.c.h</string>
			<key>name</key>
			<string>Torrent.h</string>
			<key>path</key>
			<string>models/Torrent.h</string>
			<key>sourceTree</key>
			<string>&lt;group&gt;</string>
		</dict>
		<key>A77D807016B1453D0018BED1</key>
		<dict>
			<key>fileEncoding</key>
			<string>4</string>
			<key>isa</key>
			<string>PBXFileReference</string>
			<key>lastKnownFileType</key>
			<string>sourcecode.c.objc</string>
			<key>name</key>
			<string>Torrent.m</string>
			<key>path</key>
			<string>models/Torrent.m</string>
			<key>sourceTree</key>
			<string>&lt;group&gt;</string>
		</dict>
		<key>A77D807116B1453D0018BED1</key>
		<dict>
			<key>fileRef</key>
			<string>A77D807016B1453D0018BED1</string>
			<key>isa</key>
			<string>PBXBuildFile</string>
		</dict>
		<key>A77D807216B145470018BED1</key>
		<dict>
			<key>children</key>
			<array>
				<string>A77D806F16B1453D0018BED1</string>
				<string>A77D807016B1453D0018BED1</string>
				<string>A77D807316B160C40018BED1</string>
				<string>A77D807416B160C40018BED1</string>
				<string>A77D807616B177240018BED1</string>
				<string>A7294BC816BA9BA40086BD59</string>
				<string>A7294BC916BA9BA40086BD59</string>
			</array>
			<key>isa</key>
			<string>PBXGroup</string>
			<key>name</key>
			<string>models</string>
			<key>sourceTree</key>
			<string>&lt;group&gt;</string>
		</dict>
		<key>A77D807316B160C40018BED1</key>
		<dict>
			<key>fileEncoding</key>
			<string>4</string>
			<key>isa</key>
			<string>PBXFileReference</string>
			<key>lastKnownFileType</key>
			<string>sourcecode.c.h</string>
			<key>name</key>
			<string>RPC.h</string>
			<key>path</key>
			<string>models/RPC.h</string>
			<key>sourceTree</key>
			<string>&lt;group&gt;</string>
		</dict>
		<key>A77D807416B160C40018BED1</key>
		<dict>
			<key>fileEncoding</key>
			<string>4</string>
			<key>isa</key>
			<string>PBXFileReference</string>
			<key>lastKnownFileType</key>
			<string>sourcecode.c.objc</string>
			<key>name</key>
			<string>RPC.m</string>
			<key>path</key>
			<string>models/RPC.m</string>
			<key>sourceTree</key>
			<string>&lt;group&gt;</string>
		</dict>
		<key>A77D807516B160C40018BED1</key>
		<dict>
			<key>fileRef</key>
			<string>A77D807416B160C40018BED1</string>
			<key>isa</key>
			<string>PBXBuildFile</string>
		</dict>
		<key>A77D807616B177240018BED1</key>
		<dict>
			<key>children</key>
			<array>
				<string>A77D807716B177240018BED1</string>
				<string>A77D807816B177240018BED1</string>
				<string>A77D807916B177240018BED1</string>
				<string>A77D807A16B177240018BED1</string>
				<string>A77D807B16B177240018BED1</string>
				<string>A77D807C16B177240018BED1</string>
				<string>A77D807D16B177240018BED1</string>
				<string>A77D807E16B177240018BED1</string>
				<string>A77D807F16B177240018BED1</string>
				<string>A77D808016B177240018BED1</string>
				<string>A77D808116B177240018BED1</string>
				<string>A77D808216B177240018BED1</string>
				<string>A77D808316B177240018BED1</string>
				<string>A77D808416B177240018BED1</string>
				<string>A77D808516B177240018BED1</string>
				<string>A77D808616B177240018BED1</string>
				<string>A77D808716B177240018BED1</string>
				<string>A77D808816B177240018BED1</string>
				<string>A77D808916B177240018BED1</string>
			</array>
			<key>isa</key>
			<string>PBXGroup</string>
			<key>path</key>
			<string>AFNetworking</string>
			<key>sourceTree</key>
			<string>&lt;group&gt;</string>
		</dict>
		<key>A77D807716B177240018BED1</key>
		<dict>
			<key>fileEncoding</key>
			<string>4</string>
			<key>isa</key>
			<string>PBXFileReference</string>
			<key>lastKnownFileType</key>
			<string>sourcecode.c.h</string>
			<key>path</key>
			<string>AFHTTPClient.h</string>
			<key>sourceTree</key>
			<string>&lt;group&gt;</string>
		</dict>
		<key>A77D807816B177240018BED1</key>
		<dict>
			<key>fileEncoding</key>
			<string>4</string>
			<key>isa</key>
			<string>PBXFileReference</string>
			<key>lastKnownFileType</key>
			<string>sourcecode.c.objc</string>
			<key>path</key>
			<string>AFHTTPClient.m</string>
			<key>sourceTree</key>
			<string>&lt;group&gt;</string>
		</dict>
		<key>A77D807916B177240018BED1</key>
		<dict>
			<key>fileEncoding</key>
			<string>4</string>
			<key>isa</key>
			<string>PBXFileReference</string>
			<key>lastKnownFileType</key>
			<string>sourcecode.c.h</string>
			<key>path</key>
			<string>AFHTTPRequestOperation.h</string>
			<key>sourceTree</key>
			<string>&lt;group&gt;</string>
		</dict>
		<key>A77D807A16B177240018BED1</key>
		<dict>
			<key>fileEncoding</key>
			<string>4</string>
			<key>isa</key>
			<string>PBXFileReference</string>
			<key>lastKnownFileType</key>
			<string>sourcecode.c.objc</string>
			<key>path</key>
			<string>AFHTTPRequestOperation.m</string>
			<key>sourceTree</key>
			<string>&lt;group&gt;</string>
		</dict>
		<key>A77D807B16B177240018BED1</key>
		<dict>
			<key>fileEncoding</key>
			<string>4</string>
			<key>isa</key>
			<string>PBXFileReference</string>
			<key>lastKnownFileType</key>
			<string>sourcecode.c.h</string>
			<key>path</key>
			<string>AFImageRequestOperation.h</string>
			<key>sourceTree</key>
			<string>&lt;group&gt;</string>
		</dict>
		<key>A77D807C16B177240018BED1</key>
		<dict>
			<key>fileEncoding</key>
			<string>4</string>
			<key>isa</key>
			<string>PBXFileReference</string>
			<key>lastKnownFileType</key>
			<string>sourcecode.c.objc</string>
			<key>path</key>
			<string>AFImageRequestOperation.m</string>
			<key>sourceTree</key>
			<string>&lt;group&gt;</string>
		</dict>
		<key>A77D807D16B177240018BED1</key>
		<dict>
			<key>fileEncoding</key>
			<string>4</string>
			<key>isa</key>
			<string>PBXFileReference</string>
			<key>lastKnownFileType</key>
			<string>sourcecode.c.h</string>
			<key>path</key>
			<string>AFJSONRequestOperation.h</string>
			<key>sourceTree</key>
			<string>&lt;group&gt;</string>
		</dict>
		<key>A77D807E16B177240018BED1</key>
		<dict>
			<key>fileEncoding</key>
			<string>4</string>
			<key>isa</key>
			<string>PBXFileReference</string>
			<key>lastKnownFileType</key>
			<string>sourcecode.c.objc</string>
			<key>path</key>
			<string>AFJSONRequestOperation.m</string>
			<key>sourceTree</key>
			<string>&lt;group&gt;</string>
		</dict>
		<key>A77D807F16B177240018BED1</key>
		<dict>
			<key>fileEncoding</key>
			<string>4</string>
			<key>isa</key>
			<string>PBXFileReference</string>
			<key>lastKnownFileType</key>
			<string>sourcecode.c.h</string>
			<key>path</key>
			<string>AFNetworkActivityIndicatorManager.h</string>
			<key>sourceTree</key>
			<string>&lt;group&gt;</string>
		</dict>
		<key>A77D808016B177240018BED1</key>
		<dict>
			<key>fileEncoding</key>
			<string>4</string>
			<key>isa</key>
			<string>PBXFileReference</string>
			<key>lastKnownFileType</key>
			<string>sourcecode.c.objc</string>
			<key>path</key>
			<string>AFNetworkActivityIndicatorManager.m</string>
			<key>sourceTree</key>
			<string>&lt;group&gt;</string>
		</dict>
		<key>A77D808116B177240018BED1</key>
		<dict>
			<key>fileEncoding</key>
			<string>4</string>
			<key>isa</key>
			<string>PBXFileReference</string>
			<key>lastKnownFileType</key>
			<string>sourcecode.c.h</string>
			<key>path</key>
			<string>AFNetworking.h</string>
			<key>sourceTree</key>
			<string>&lt;group&gt;</string>
		</dict>
		<key>A77D808216B177240018BED1</key>
		<dict>
			<key>fileEncoding</key>
			<string>4</string>
			<key>isa</key>
			<string>PBXFileReference</string>
			<key>lastKnownFileType</key>
			<string>sourcecode.c.h</string>
			<key>path</key>
			<string>AFPropertyListRequestOperation.h</string>
			<key>sourceTree</key>
			<string>&lt;group&gt;</string>
		</dict>
		<key>A77D808316B177240018BED1</key>
		<dict>
			<key>fileEncoding</key>
			<string>4</string>
			<key>isa</key>
			<string>PBXFileReference</string>
			<key>lastKnownFileType</key>
			<string>sourcecode.c.objc</string>
			<key>path</key>
			<string>AFPropertyListRequestOperation.m</string>
			<key>sourceTree</key>
			<string>&lt;group&gt;</string>
		</dict>
		<key>A77D808416B177240018BED1</key>
		<dict>
			<key>fileEncoding</key>
			<string>4</string>
			<key>isa</key>
			<string>PBXFileReference</string>
			<key>lastKnownFileType</key>
			<string>sourcecode.c.h</string>
			<key>path</key>
			<string>AFURLConnectionOperation.h</string>
			<key>sourceTree</key>
			<string>&lt;group&gt;</string>
		</dict>
		<key>A77D808516B177240018BED1</key>
		<dict>
			<key>fileEncoding</key>
			<string>4</string>
			<key>isa</key>
			<string>PBXFileReference</string>
			<key>lastKnownFileType</key>
			<string>sourcecode.c.objc</string>
			<key>path</key>
			<string>AFURLConnectionOperation.m</string>
			<key>sourceTree</key>
			<string>&lt;group&gt;</string>
		</dict>
		<key>A77D808616B177240018BED1</key>
		<dict>
			<key>fileEncoding</key>
			<string>4</string>
			<key>isa</key>
			<string>PBXFileReference</string>
			<key>lastKnownFileType</key>
			<string>sourcecode.c.h</string>
			<key>path</key>
			<string>AFXMLRequestOperation.h</string>
			<key>sourceTree</key>
			<string>&lt;group&gt;</string>
		</dict>
		<key>A77D808716B177240018BED1</key>
		<dict>
			<key>fileEncoding</key>
			<string>4</string>
			<key>isa</key>
			<string>PBXFileReference</string>
			<key>lastKnownFileType</key>
			<string>sourcecode.c.objc</string>
			<key>path</key>
			<string>AFXMLRequestOperation.m</string>
			<key>sourceTree</key>
			<string>&lt;group&gt;</string>
		</dict>
		<key>A77D808816B177240018BED1</key>
		<dict>
			<key>fileEncoding</key>
			<string>4</string>
			<key>isa</key>
			<string>PBXFileReference</string>
			<key>lastKnownFileType</key>
			<string>sourcecode.c.h</string>
			<key>path</key>
			<string>UIImageView+AFNetworking.h</string>
			<key>sourceTree</key>
			<string>&lt;group&gt;</string>
		</dict>
		<key>A77D808916B177240018BED1</key>
		<dict>
			<key>fileEncoding</key>
			<string>4</string>
			<key>isa</key>
			<string>PBXFileReference</string>
			<key>lastKnownFileType</key>
			<string>sourcecode.c.objc</string>
			<key>path</key>
			<string>UIImageView+AFNetworking.m</string>
			<key>sourceTree</key>
			<string>&lt;group&gt;</string>
		</dict>
		<key>A77D808A16B177240018BED1</key>
		<dict>
			<key>fileRef</key>
			<string>A77D807816B177240018BED1</string>
			<key>isa</key>
			<string>PBXBuildFile</string>
		</dict>
		<key>A77D808B16B177240018BED1</key>
		<dict>
			<key>fileRef</key>
			<string>A77D807A16B177240018BED1</string>
			<key>isa</key>
			<string>PBXBuildFile</string>
		</dict>
		<key>A77D808C16B177240018BED1</key>
		<dict>
			<key>fileRef</key>
			<string>A77D807C16B177240018BED1</string>
			<key>isa</key>
			<string>PBXBuildFile</string>
		</dict>
		<key>A77D808D16B177240018BED1</key>
		<dict>
			<key>fileRef</key>
			<string>A77D807E16B177240018BED1</string>
			<key>isa</key>
			<string>PBXBuildFile</string>
		</dict>
		<key>A77D808E16B177240018BED1</key>
		<dict>
			<key>fileRef</key>
			<string>A77D808016B177240018BED1</string>
			<key>isa</key>
			<string>PBXBuildFile</string>
		</dict>
		<key>A77D808F16B177240018BED1</key>
		<dict>
			<key>fileRef</key>
			<string>A77D808316B177240018BED1</string>
			<key>isa</key>
			<string>PBXBuildFile</string>
		</dict>
		<key>A77D809016B177240018BED1</key>
		<dict>
			<key>fileRef</key>
			<string>A77D808516B177240018BED1</string>
			<key>isa</key>
			<string>PBXBuildFile</string>
		</dict>
		<key>A77D809116B177240018BED1</key>
		<dict>
			<key>fileRef</key>
			<string>A77D808716B177240018BED1</string>
			<key>isa</key>
			<string>PBXBuildFile</string>
		</dict>
		<key>A77D809216B177240018BED1</key>
		<dict>
			<key>fileRef</key>
			<string>A77D808916B177240018BED1</string>
			<key>isa</key>
			<string>PBXBuildFile</string>
		</dict>
		<key>A77D809716B19F180018BED1</key>
		<dict>
			<key>fileEncoding</key>
			<string>4</string>
			<key>isa</key>
			<string>PBXFileReference</string>
			<key>lastKnownFileType</key>
			<string>sourcecode.c.h</string>
			<key>path</key>
			<string>TorrentCell.h</string>
			<key>sourceTree</key>
			<string>&lt;group&gt;</string>
		</dict>
		<key>A77D809816B19F180018BED1</key>
		<dict>
			<key>fileEncoding</key>
			<string>4</string>
			<key>isa</key>
			<string>PBXFileReference</string>
			<key>lastKnownFileType</key>
			<string>sourcecode.c.objc</string>
			<key>path</key>
			<string>TorrentCell.m</string>
			<key>sourceTree</key>
			<string>&lt;group&gt;</string>
		</dict>
		<key>A77D809916B19F180018BED1</key>
		<dict>
			<key>fileRef</key>
			<string>A77D809816B19F180018BED1</string>
			<key>isa</key>
			<string>PBXBuildFile</string>
		</dict>
		<key>C51A948516B28E9900C16AA2</key>
		<dict>
			<key>fileEncoding</key>
			<string>4</string>
			<key>isa</key>
			<string>PBXFileReference</string>
			<key>lastKnownFileType</key>
			<string>sourcecode.c.h</string>
			<key>path</key>
			<string>DetailViewController.h</string>
			<key>sourceTree</key>
			<string>&lt;group&gt;</string>
		</dict>
		<key>C51A948616B28E9900C16AA2</key>
		<dict>
			<key>fileEncoding</key>
			<string>4</string>
			<key>isa</key>
			<string>PBXFileReference</string>
			<key>lastKnownFileType</key>
			<string>sourcecode.c.objc</string>
			<key>path</key>
			<string>DetailViewController.m</string>
			<key>sourceTree</key>
			<string>&lt;group&gt;</string>
		</dict>
		<key>C51A948716B28E9900C16AA2</key>
		<dict>
			<key>fileRef</key>
			<string>C51A948616B28E9900C16AA2</string>
			<key>isa</key>
			<string>PBXBuildFile</string>
		</dict>
	</dict>
	<key>rootObject</key>
	<string>A77D803B16B13E4A0018BED1</string>
</dict>
</plist>
